// !$*UTF8*$!
{
	archiveVersion = 1;
	classes = {
	};
	objectVersion = 46;
	objects = {

/* Begin PBXBuildFile section */
		2189C7A01E1BF42500E8DA76 /* AppDelegate.swift in Sources */ = {isa = PBXBuildFile; fileRef = 2189C79F1E1BF42500E8DA76 /* AppDelegate.swift */; };
		2189C7A21E1BF42500E8DA76 /* ViewController.swift in Sources */ = {isa = PBXBuildFile; fileRef = 2189C7A11E1BF42500E8DA76 /* ViewController.swift */; };
		2189C7A51E1BF42500E8DA76 /* Main.storyboard in Resources */ = {isa = PBXBuildFile; fileRef = 2189C7A31E1BF42500E8DA76 /* Main.storyboard */; };
		2189C7A81E1BF42500E8DA76 /* MapTableViewMockUp.xcdatamodeld in Sources */ = {isa = PBXBuildFile; fileRef = 2189C7A61E1BF42500E8DA76 /* MapTableViewMockUp.xcdatamodeld */; };
		2189C7AA1E1BF42500E8DA76 /* Assets.xcassets in Resources */ = {isa = PBXBuildFile; fileRef = 2189C7A91E1BF42500E8DA76 /* Assets.xcassets */; };
		2189C7AD1E1BF42500E8DA76 /* LaunchScreen.storyboard in Resources */ = {isa = PBXBuildFile; fileRef = 2189C7AB1E1BF42500E8DA76 /* LaunchScreen.storyboard */; };
		2189C7B61E1BF94500E8DA76 /* MapKit.framework in Frameworks */ = {isa = PBXBuildFile; fileRef = 2189C7B51E1BF94500E8DA76 /* MapKit.framework */; };
		2189C7B81E1BFABF00E8DA76 /* DatabaseController.swift in Sources */ = {isa = PBXBuildFile; fileRef = 2189C7B71E1BFABF00E8DA76 /* DatabaseController.swift */; };
		2189C7BC1E1C156500E8DA76 /* MapPin.swift in Sources */ = {isa = PBXBuildFile; fileRef = 2189C7BB1E1C156500E8DA76 /* MapPin.swift */; };
		2189C7BE1E1C21F100E8DA76 /* TableViewController.swift in Sources */ = {isa = PBXBuildFile; fileRef = 2189C7BD1E1C21F100E8DA76 /* TableViewController.swift */; };
		2189C7C01E1C246800E8DA76 /* BuildingsController.swift in Sources */ = {isa = PBXBuildFile; fileRef = 2189C7BF1E1C246800E8DA76 /* BuildingsController.swift */; };
		2189C7C21E1C3BD500E8DA76 /* DetailsViewController.swift in Sources */ = {isa = PBXBuildFile; fileRef = 2189C7C11E1C3BD500E8DA76 /* DetailsViewController.swift */; };
		897BDCBB1CB498BB3C92A24C /* Pods_MapTableViewMockUp.framework in Frameworks */ = {isa = PBXBuildFile; fileRef = 2EA5B8583CB70E7CE7400097 /* Pods_MapTableViewMockUp.framework */; };
/* End PBXBuildFile section */

/* Begin PBXFileReference section */
		2189C79C1E1BF42500E8DA76 /* MapTableViewMockUp.app */ = {isa = PBXFileReference; explicitFileType = wrapper.application; includeInIndex = 0; path = MapTableViewMockUp.app; sourceTree = BUILT_PRODUCTS_DIR; };
		2189C79F1E1BF42500E8DA76 /* AppDelegate.swift */ = {isa = PBXFileReference; lastKnownFileType = sourcecode.swift; path = AppDelegate.swift; sourceTree = "<group>"; };
		2189C7A11E1BF42500E8DA76 /* ViewController.swift */ = {isa = PBXFileReference; lastKnownFileType = sourcecode.swift; path = ViewController.swift; sourceTree = "<group>"; };
		2189C7A41E1BF42500E8DA76 /* Base */ = {isa = PBXFileReference; lastKnownFileType = file.storyboard; name = Base; path = Base.lproj/Main.storyboard; sourceTree = "<group>"; };
		2189C7A71E1BF42500E8DA76 /* MapTableViewMockUp.xcdatamodel */ = {isa = PBXFileReference; lastKnownFileType = wrapper.xcdatamodel; path = MapTableViewMockUp.xcdatamodel; sourceTree = "<group>"; };
		2189C7A91E1BF42500E8DA76 /* Assets.xcassets */ = {isa = PBXFileReference; lastKnownFileType = folder.assetcatalog; path = Assets.xcassets; sourceTree = "<group>"; };
		2189C7AC1E1BF42500E8DA76 /* Base */ = {isa = PBXFileReference; lastKnownFileType = file.storyboard; name = Base; path = Base.lproj/LaunchScreen.storyboard; sourceTree = "<group>"; };
		2189C7AE1E1BF42500E8DA76 /* Info.plist */ = {isa = PBXFileReference; lastKnownFileType = text.plist.xml; path = Info.plist; sourceTree = "<group>"; };
		2189C7B51E1BF94500E8DA76 /* MapKit.framework */ = {isa = PBXFileReference; lastKnownFileType = wrapper.framework; name = MapKit.framework; path = System/Library/Frameworks/MapKit.framework; sourceTree = SDKROOT; };
		2189C7B71E1BFABF00E8DA76 /* DatabaseController.swift */ = {isa = PBXFileReference; fileEncoding = 4; lastKnownFileType = sourcecode.swift; path = DatabaseController.swift; sourceTree = "<group>"; };
		2189C7BB1E1C156500E8DA76 /* MapPin.swift */ = {isa = PBXFileReference; fileEncoding = 4; lastKnownFileType = sourcecode.swift; path = MapPin.swift; sourceTree = "<group>"; };
		2189C7BD1E1C21F100E8DA76 /* TableViewController.swift */ = {isa = PBXFileReference; fileEncoding = 4; lastKnownFileType = sourcecode.swift; path = TableViewController.swift; sourceTree = "<group>"; };
		2189C7BF1E1C246800E8DA76 /* BuildingsController.swift */ = {isa = PBXFileReference; fileEncoding = 4; lastKnownFileType = sourcecode.swift; path = BuildingsController.swift; sourceTree = "<group>"; };
		2189C7C11E1C3BD500E8DA76 /* DetailsViewController.swift */ = {isa = PBXFileReference; fileEncoding = 4; lastKnownFileType = sourcecode.swift; path = DetailsViewController.swift; sourceTree = "<group>"; };
		2EA5B8583CB70E7CE7400097 /* Pods_MapTableViewMockUp.framework */ = {isa = PBXFileReference; explicitFileType = wrapper.framework; includeInIndex = 0; path = Pods_MapTableViewMockUp.framework; sourceTree = BUILT_PRODUCTS_DIR; };
		B4B8EB5C0677F50B20740BBD /* Pods-MapTableViewMockUp.release.xcconfig */ = {isa = PBXFileReference; includeInIndex = 1; lastKnownFileType = text.xcconfig; name = "Pods-MapTableViewMockUp.release.xcconfig"; path = "Pods/Target Support Files/Pods-MapTableViewMockUp/Pods-MapTableViewMockUp.release.xcconfig"; sourceTree = "<group>"; };
		B79E4D6C1A2FA3ACB7A4EB44 /* Pods-MapTableViewMockUp.debug.xcconfig */ = {isa = PBXFileReference; includeInIndex = 1; lastKnownFileType = text.xcconfig; name = "Pods-MapTableViewMockUp.debug.xcconfig"; path = "Pods/Target Support Files/Pods-MapTableViewMockUp/Pods-MapTableViewMockUp.debug.xcconfig"; sourceTree = "<group>"; };
/* End PBXFileReference section */

/* Begin PBXFrameworksBuildPhase section */
		2189C7991E1BF42500E8DA76 /* Frameworks */ = {
			isa = PBXFrameworksBuildPhase;
			buildActionMask = 2147483647;
			files = (
				2189C7B61E1BF94500E8DA76 /* MapKit.framework in Frameworks */,
				897BDCBB1CB498BB3C92A24C /* Pods_MapTableViewMockUp.framework in Frameworks */,
			);
			runOnlyForDeploymentPostprocessing = 0;
		};
/* End PBXFrameworksBuildPhase section */

/* Begin PBXGroup section */
		2189C7931E1BF42500E8DA76 = {
			isa = PBXGroup;
			children = (
				2189C79E1E1BF42500E8DA76 /* MapTableViewMockUp */,
				2189C79D1E1BF42500E8DA76 /* Products */,
				2189C7B41E1BF94500E8DA76 /* Frameworks */,
				722390E0A165832395A2F1A3 /* Pods */,
			);
			sourceTree = "<group>";
		};
		2189C79D1E1BF42500E8DA76 /* Products */ = {
			isa = PBXGroup;
			children = (
				2189C79C1E1BF42500E8DA76 /* MapTableViewMockUp.app */,
			);
			name = Products;
			sourceTree = "<group>";
		};
		2189C79E1E1BF42500E8DA76 /* MapTableViewMockUp */ = {
			isa = PBXGroup;
			children = (
				2189C7BA1E1C091800E8DA76 /* Model */,
				2189C7B91E1C091200E8DA76 /* Controller */,
				2189C79F1E1BF42500E8DA76 /* AppDelegate.swift */,
				2189C7A31E1BF42500E8DA76 /* Main.storyboard */,
				2189C7AB1E1BF42500E8DA76 /* LaunchScreen.storyboard */,
				2189C7AE1E1BF42500E8DA76 /* Info.plist */,
				2189C7A61E1BF42500E8DA76 /* MapTableViewMockUp.xcdatamodeld */,
				2189C7A91E1BF42500E8DA76 /* Assets.xcassets */,
			);
			path = MapTableViewMockUp;
			sourceTree = "<group>";
		};
		2189C7B41E1BF94500E8DA76 /* Frameworks */ = {
			isa = PBXGroup;
			children = (
				2189C7B51E1BF94500E8DA76 /* MapKit.framework */,
				2EA5B8583CB70E7CE7400097 /* Pods_MapTableViewMockUp.framework */,
			);
			name = Frameworks;
			sourceTree = "<group>";
		};
		2189C7B91E1C091200E8DA76 /* Controller */ = {
			isa = PBXGroup;
			children = (
				2189C7BD1E1C21F100E8DA76 /* TableViewController.swift */,
				2189C7B71E1BFABF00E8DA76 /* DatabaseController.swift */,
				2189C7A11E1BF42500E8DA76 /* ViewController.swift */,
				2189C7BF1E1C246800E8DA76 /* BuildingsController.swift */,
				2189C7C11E1C3BD500E8DA76 /* DetailsViewController.swift */,
			);
			name = Controller;
			sourceTree = "<group>";
		};
		2189C7BA1E1C091800E8DA76 /* Model */ = {
			isa = PBXGroup;
			children = (
				2189C7BB1E1C156500E8DA76 /* MapPin.swift */,
			);
			name = Model;
			sourceTree = "<group>";
		};
		722390E0A165832395A2F1A3 /* Pods */ = {
			isa = PBXGroup;
			children = (
				B79E4D6C1A2FA3ACB7A4EB44 /* Pods-MapTableViewMockUp.debug.xcconfig */,
				B4B8EB5C0677F50B20740BBD /* Pods-MapTableViewMockUp.release.xcconfig */,
			);
			name = Pods;
			sourceTree = "<group>";
		};
/* End PBXGroup section */

/* Begin PBXNativeTarget section */
		2189C79B1E1BF42500E8DA76 /* MapTableViewMockUp */ = {
			isa = PBXNativeTarget;
			buildConfigurationList = 2189C7B11E1BF42500E8DA76 /* Build configuration list for PBXNativeTarget "MapTableViewMockUp" */;
			buildPhases = (
				933B3DC7A8B8C6EED3D4488E /* [CP] Check Pods Manifest.lock */,
				2189C7981E1BF42500E8DA76 /* Sources */,
				2189C7991E1BF42500E8DA76 /* Frameworks */,
				2189C79A1E1BF42500E8DA76 /* Resources */,
				CB6DE6A33CB73AA2FCF97450 /* [CP] Embed Pods Frameworks */,
				F0276F8757608839BF3739B3 /* [CP] Copy Pods Resources */,
			);
			buildRules = (
			);
			dependencies = (
			);
			name = MapTableViewMockUp;
			productName = MapTableViewMockUp;
			productReference = 2189C79C1E1BF42500E8DA76 /* MapTableViewMockUp.app */;
			productType = "com.apple.product-type.application";
		};
/* End PBXNativeTarget section */

/* Begin PBXProject section */
		2189C7941E1BF42500E8DA76 /* Project object */ = {
			isa = PBXProject;
			attributes = {
				LastSwiftUpdateCheck = 0820;
				LastUpgradeCheck = 0820;
				ORGANIZATIONNAME = "john wozniak";
				TargetAttributes = {
					2189C79B1E1BF42500E8DA76 = {
						CreatedOnToolsVersion = 8.2.1;
						ProvisioningStyle = Automatic;
						SystemCapabilities = {
							com.apple.Maps.iOS = {
								enabled = 1;
							};
						};
					};
				};
			};
			buildConfigurationList = 2189C7971E1BF42500E8DA76 /* Build configuration list for PBXProject "MapTableViewMockUp" */;
			compatibilityVersion = "Xcode 3.2";
			developmentRegion = English;
			hasScannedForEncodings = 0;
			knownRegions = (
				en,
				Base,
			);
			mainGroup = 2189C7931E1BF42500E8DA76;
			productRefGroup = 2189C79D1E1BF42500E8DA76 /* Products */;
			projectDirPath = "";
			projectRoot = "";
			targets = (
				2189C79B1E1BF42500E8DA76 /* MapTableViewMockUp */,
			);
		};
/* End PBXProject section */

/* Begin PBXResourcesBuildPhase section */
		2189C79A1E1BF42500E8DA76 /* Resources */ = {
			isa = PBXResourcesBuildPhase;
			buildActionMask = 2147483647;
			files = (
				2189C7AD1E1BF42500E8DA76 /* LaunchScreen.storyboard in Resources */,
				2189C7AA1E1BF42500E8DA76 /* Assets.xcassets in Resources */,
				2189C7A51E1BF42500E8DA76 /* Main.storyboard in Resources */,
			);
			runOnlyForDeploymentPostprocessing = 0;
		};
/* End PBXResourcesBuildPhase section */

/* Begin PBXShellScriptBuildPhase section */
		933B3DC7A8B8C6EED3D4488E /* [CP] Check Pods Manifest.lock */ = {
			isa = PBXShellScriptBuildPhase;
			buildActionMask = 2147483647;
			files = (
			);
			inputPaths = (
			);
			name = "[CP] Check Pods Manifest.lock";
			outputPaths = (
			);
			runOnlyForDeploymentPostprocessing = 0;
			shellPath = /bin/sh;
			shellScript = "diff \"${PODS_ROOT}/../Podfile.lock\" \"${PODS_ROOT}/Manifest.lock\" > /dev/null\nif [ $? != 0 ] ; then\n    # print error to STDERR\n    echo \"error: The sandbox is not in sync with the Podfile.lock. Run 'pod install' or update your CocoaPods installation.\" >&2\n    exit 1\nfi\n";
			showEnvVarsInLog = 0;
		};
		CB6DE6A33CB73AA2FCF97450 /* [CP] Embed Pods Frameworks */ = {
			isa = PBXShellScriptBuildPhase;
			buildActionMask = 2147483647;
			files = (
			);
			inputPaths = (
			);
			name = "[CP] Embed Pods Frameworks";
			outputPaths = (
			);
			runOnlyForDeploymentPostprocessing = 0;
			shellPath = /bin/sh;
			shellScript = "\"${SRCROOT}/Pods/Target Support Files/Pods-MapTableViewMockUp/Pods-MapTableViewMockUp-frameworks.sh\"\n";
			showEnvVarsInLog = 0;
		};
		F0276F8757608839BF3739B3 /* [CP] Copy Pods Resources */ = {
			isa = PBXShellScriptBuildPhase;
			buildActionMask = 2147483647;
			files = (
			);
			inputPaths = (
			);
			name = "[CP] Copy Pods Resources";
			outputPaths = (
			);
			runOnlyForDeploymentPostprocessing = 0;
			shellPath = /bin/sh;
			shellScript = "\"${SRCROOT}/Pods/Target Support Files/Pods-MapTableViewMockUp/Pods-MapTableViewMockUp-resources.sh\"\n";
			showEnvVarsInLog = 0;
		};
/* End PBXShellScriptBuildPhase section */

/* Begin PBXSourcesBuildPhase section */
		2189C7981E1BF42500E8DA76 /* Sources */ = {
			isa = PBXSourcesBuildPhase;
			buildActionMask = 2147483647;
			files = (
				2189C7B81E1BFABF00E8DA76 /* DatabaseController.swift in Sources */,
				2189C7BE1E1C21F100E8DA76 /* TableViewController.swift in Sources */,
				2189C7C01E1C246800E8DA76 /* BuildingsController.swift in Sources */,
				2189C7C21E1C3BD500E8DA76 /* DetailsViewController.swift in Sources */,
				2189C7BC1E1C156500E8DA76 /* MapPin.swift in Sources */,
				2189C7A21E1BF42500E8DA76 /* ViewController.swift in Sources */,
				2189C7A81E1BF42500E8DA76 /* MapTableViewMockUp.xcdatamodeld in Sources */,
				2189C7A01E1BF42500E8DA76 /* AppDelegate.swift in Sources */,
			);
			runOnlyForDeploymentPostprocessing = 0;
		};
/* End PBXSourcesBuildPhase section */

/* Begin PBXVariantGroup section */
		2189C7A31E1BF42500E8DA76 /* Main.storyboard */ = {
			isa = PBXVariantGroup;
			children = (
				2189C7A41E1BF42500E8DA76 /* Base */,
			);
			name = Main.storyboard;
			sourceTree = "<group>";
		};
		2189C7AB1E1BF42500E8DA76 /* LaunchScreen.storyboard */ = {
			isa = PBXVariantGroup;
			children = (
				2189C7AC1E1BF42500E8DA76 /* Base */,
			);
			name = LaunchScreen.storyboard;
			sourceTree = "<group>";
		};
/* End PBXVariantGroup section */

/* Begin XCBuildConfiguration section */
		2189C7AF1E1BF42500E8DA76 /* Debug */ = {
			isa = XCBuildConfiguration;
			buildSettings = {
				ALWAYS_SEARCH_USER_PATHS = NO;
				CLANG_ANALYZER_NONNULL = YES;
				CLANG_CXX_LANGUAGE_STANDARD = "gnu++0x";
				CLANG_CXX_LIBRARY = "libc++";
				CLANG_ENABLE_MODULES = YES;
				CLANG_ENABLE_OBJC_ARC = YES;
				CLANG_WARN_BOOL_CONVERSION = YES;
				CLANG_WARN_CONSTANT_CONVERSION = YES;
				CLANG_WARN_DIRECT_OBJC_ISA_USAGE = YES_ERROR;
				CLANG_WARN_DOCUMENTATION_COMMENTS = YES;
				CLANG_WARN_EMPTY_BODY = YES;
				CLANG_WARN_ENUM_CONVERSION = YES;
				CLANG_WARN_INFINITE_RECURSION = YES;
				CLANG_WARN_INT_CONVERSION = YES;
				CLANG_WARN_OBJC_ROOT_CLASS = YES_ERROR;
				CLANG_WARN_SUSPICIOUS_MOVE = YES;
				CLANG_WARN_UNREACHABLE_CODE = YES;
				CLANG_WARN__DUPLICATE_METHOD_MATCH = YES;
				"CODE_SIGN_IDENTITY[sdk=iphoneos*]" = "iPhone Developer";
				COPY_PHASE_STRIP = NO;
				DEBUG_INFORMATION_FORMAT = dwarf;
				ENABLE_STRICT_OBJC_MSGSEND = YES;
				ENABLE_TESTABILITY = YES;
				GCC_C_LANGUAGE_STANDARD = gnu99;
				GCC_DYNAMIC_NO_PIC = NO;
				GCC_NO_COMMON_BLOCKS = YES;
				GCC_OPTIMIZATION_LEVEL = 0;
				GCC_PREPROCESSOR_DEFINITIONS = (
					"DEBUG=1",
					"$(inherited)",
				);
				GCC_WARN_64_TO_32_BIT_CONVERSION = YES;
				GCC_WARN_ABOUT_RETURN_TYPE = YES_ERROR;
				GCC_WARN_UNDECLARED_SELECTOR = YES;
				GCC_WARN_UNINITIALIZED_AUTOS = YES_AGGRESSIVE;
				GCC_WARN_UNUSED_FUNCTION = YES;
				GCC_WARN_UNUSED_VARIABLE = YES;
				IPHONEOS_DEPLOYMENT_TARGET = 10.2;
				MTL_ENABLE_DEBUG_INFO = YES;
				ONLY_ACTIVE_ARCH = YES;
				SDKROOT = iphoneos;
				SWIFT_ACTIVE_COMPILATION_CONDITIONS = DEBUG;
				SWIFT_OPTIMIZATION_LEVEL = "-Onone";
			};
			name = Debug;
		};
		2189C7B01E1BF42500E8DA76 /* Release */ = {
			isa = XCBuildConfiguration;
			buildSettings = {
				ALWAYS_SEARCH_USER_PATHS = NO;
				CLANG_ANALYZER_NONNULL = YES;
				CLANG_CXX_LANGUAGE_STANDARD = "gnu++0x";
				CLANG_CXX_LIBRARY = "libc++";
				CLANG_ENABLE_MODULES = YES;
				CLANG_ENABLE_OBJC_ARC = YES;
				CLANG_WARN_BOOL_CONVERSION = YES;
				CLANG_WARN_CONSTANT_CONVERSION = YES;
				CLANG_WARN_DIRECT_OBJC_ISA_USAGE = YES_ERROR;
				CLANG_WARN_DOCUMENTATION_COMMENTS = YES;
				CLANG_WARN_EMPTY_BODY = YES;
				CLANG_WARN_ENUM_CONVERSION = YES;
				CLANG_WARN_INFINITE_RECURSION = YES;
				CLANG_WARN_INT_CONVERSION = YES;
				CLANG_WARN_OBJC_ROOT_CLASS = YES_ERROR;
				CLANG_WARN_SUSPICIOUS_MOVE = YES;
				CLANG_WARN_UNREACHABLE_CODE = YES;
				CLANG_WARN__DUPLICATE_METHOD_MATCH = YES;
				"CODE_SIGN_IDENTITY[sdk=iphoneos*]" = "iPhone Developer";
				COPY_PHASE_STRIP = NO;
				DEBUG_INFORMATION_FORMAT = "dwarf-with-dsym";
				ENABLE_NS_ASSERTIONS = NO;
				ENABLE_STRICT_OBJC_MSGSEND = YES;
				GCC_C_LANGUAGE_STANDARD = gnu99;
				GCC_NO_COMMON_BLOCKS = YES;
				GCC_WARN_64_TO_32_BIT_CONVERSION = YES;
				GCC_WARN_ABOUT_RETURN_TYPE = YES_ERROR;
				GCC_WARN_UNDECLARED_SELECTOR = YES;
				GCC_WARN_UNINITIALIZED_AUTOS = YES_AGGRESSIVE;
				GCC_WARN_UNUSED_FUNCTION = YES;
				GCC_WARN_UNUSED_VARIABLE = YES;
				IPHONEOS_DEPLOYMENT_TARGET = 10.2;
				MTL_ENABLE_DEBUG_INFO = NO;
				SDKROOT = iphoneos;
				SWIFT_OPTIMIZATION_LEVEL = "-Owholemodule";
				VALIDATE_PRODUCT = YES;
			};
			name = Release;
		};
		2189C7B21E1BF42500E8DA76 /* Debug */ = {
			isa = XCBuildConfiguration;
			baseConfigurationReference = B79E4D6C1A2FA3ACB7A4EB44 /* Pods-MapTableViewMockUp.debug.xcconfig */;
			buildSettings = {
				ASSETCATALOG_COMPILER_APPICON_NAME = AppIcon;
				INFOPLIST_FILE = MapTableViewMockUp/Info.plist;
				LD_RUNPATH_SEARCH_PATHS = "$(inherited) @executable_path/Frameworks";
				PRODUCT_BUNDLE_IDENTIFIER = homestarSoftware.MapTableViewMockUp;
				PRODUCT_NAME = "$(TARGET_NAME)";
				SWIFT_VERSION = 3.0;
			};
			name = Debug;
		};
		2189C7B31E1BF42500E8DA76 /* Release */ = {
			isa = XCBuildConfiguration;
			baseConfigurationReference = B4B8EB5C0677F50B20740BBD /* Pods-MapTableViewMockUp.release.xcconfig */;
			buildSettings = {
				ASSETCATALOG_COMPILER_APPICON_NAME = AppIcon;
				INFOPLIST_FILE = MapTableViewMockUp/Info.plist;
				LD_RUNPATH_SEARCH_PATHS = "$(inherited) @executable_path/Frameworks";
				PRODUCT_BUNDLE_IDENTIFIER = homestarSoftware.MapTableViewMockUp;
				PRODUCT_NAME = "$(TARGET_NAME)";
				SWIFT_VERSION = 3.0;
			};
			name = Release;
		};
/* End XCBuildConfiguration section */

/* Begin XCConfigurationList section */
		2189C7971E1BF42500E8DA76 /* Build configuration list for PBXProject "MapTableViewMockUp" */ = {
			isa = XCConfigurationList;
			buildConfigurations = (
				2189C7AF1E1BF42500E8DA76 /* Debug */,
				2189C7B01E1BF42500E8DA76 /* Release */,
			);
			defaultConfigurationIsVisible = 0;
			defaultConfigurationName = Release;
		};
		2189C7B11E1BF42500E8DA76 /* Build configuration list for PBXNativeTarget "MapTableViewMockUp" */ = {
			isa = XCConfigurationList;
			buildConfigurations = (
				2189C7B21E1BF42500E8DA76 /* Debug */,
				2189C7B31E1BF42500E8DA76 /* Release */,
			);
			defaultConfigurationIsVisible = 0;
			defaultConfigurationName = Release;
		};
/* End XCConfigurationList section */

/* Begin XCVersionGroup section */
		2189C7A61E1BF42500E8DA76 /* MapTableViewMockUp.xcdatamodeld */ = {
			isa = XCVersionGroup;
			children = (
				2189C7A71E1BF42500E8DA76 /* MapTableViewMockUp.xcdatamodel */,
			);
			currentVersion = 2189C7A71E1BF42500E8DA76 /* MapTableViewMockUp.xcdatamodel */;
			path = MapTableViewMockUp.xcdatamodeld;
			sourceTree = "<group>";
			versionGroupType = wrapper.xcdatamodel;
		};
/* End XCVersionGroup section */
	};
	rootObject = 2189C7941E1BF42500E8DA76 /* Project object */;
}
